
Microsoft Visual Studio Solution File, Format Version 12.00
# Visual Studio Version 17
VisualStudioVersion = 17.11.35111.106
MinimumVisualStudioVersion = 10.0.40219.1
Project("{FAE04EC0-301F-11D3-BF4B-00C04F79EFBC}") = "ClickOnceDemo", "ClickOnceDemo\ClickOnceDemo.csproj", "{B48053A0-3A54-464E-8EA2-31D3F735DCC3}"
EndProject
Global
	GlobalSection(SolutionConfigurationPlatforms) = preSolution
		Debug|Any CPU = Debug|Any CPU
		Dev|Any CPU = Dev|Any CPU
		Prod|Any CPU = Prod|Any CPU
		Release|Any CPU = Release|Any CPU
	EndGlobalSection
	GlobalSection(ProjectConfigurationPlatforms) = postSolution
		{B48053A0-3A54-464E-8EA2-31D3F735DCC3}.Debug|Any CPU.ActiveCfg = Debug|Any CPU
		{B48053A0-3A54-464E-8EA2-31D3F735DCC3}.Debug|Any CPU.Build.0 = Debug|Any CPU
		{B48053A0-3A54-464E-8EA2-31D3F735DCC3}.Dev|Any CPU.ActiveCfg = Dev|Any CPU
		{B48053A0-3A54-464E-8EA2-31D3F735DCC3}.Dev|Any CPU.Build.0 = Dev|Any CPU
		{B48053A0-3A54-464E-8EA2-31D3F735DCC3}.Prod|Any CPU.ActiveCfg = Prod|Any CPU
		{B48053A0-3A54-464E-8EA2-31D3F735DCC3}.Prod|Any CPU.Build.0 = Prod|Any CPU
		{B48053A0-3A54-464E-8EA2-31D3F735DCC3}.Release|Any CPU.ActiveCfg = Release|Any CPU
		{B48053A0-3A54-464E-8EA2-31D3F735DCC3}.Release|Any CPU.Build.0 = Release|Any CPU
	EndGlobalSection
	GlobalSection(SolutionProperties) = preSolution
		HideSolutionNode = FALSE
	EndGlobalSection
	GlobalSection(ExtensibilityGlobals) = postSolution
		SolutionGuid = {D70D3AE4-FA79-4DD5-8A96-9767723B1C6E}
	EndGlobalSection
EndGlobal
